
Microsoft Visual Studio Solution File, Format Version 12.00
# Visual Studio Version 16
VisualStudioVersion = 16.0.30011.22
MinimumVisualStudioVersion = 10.0.40219.1
Project("{FAE04EC0-301F-11D3-BF4B-00C04F79EFBC}") = "HiredAssessments", "HiredAssessments\HiredAssessments.csproj", "{16C0A2B0-9304-4B18-A42D-47C96D74CED4}"
EndProject
Project("{FAE04EC0-301F-11D3-BF4B-00C04F79EFBC}") = "HackAJobAssessments", "HackAJobAssessments\HackAJobAssessments.csproj", "{7DAA4577-E652-42F2-A2FD-24DAA1395282}"
EndProject
Global
	GlobalSection(SolutionConfigurationPlatforms) = preSolution
		Debug|Any CPU = Debug|Any CPU
		Release|Any CPU = Release|Any CPU
	EndGlobalSection
	GlobalSection(ProjectConfigurationPlatforms) = postSolution
		{16C0A2B0-9304-4B18-A42D-47C96D74CED4}.Debug|Any CPU.ActiveCfg = Debug|Any CPU
		{16C0A2B0-9304-4B18-A42D-47C96D74CED4}.Debug|Any CPU.Build.0 = Debug|Any CPU
		{16C0A2B0-9304-4B18-A42D-47C96D74CED4}.Release|Any CPU.ActiveCfg = Release|Any CPU
		{16C0A2B0-9304-4B18-A42D-47C96D74CED4}.Release|Any CPU.Build.0 = Release|Any CPU
		{7DAA4577-E652-42F2-A2FD-24DAA1395282}.Debug|Any CPU.ActiveCfg = Debug|Any CPU
		{7DAA4577-E652-42F2-A2FD-24DAA1395282}.Debug|Any CPU.Build.0 = Debug|Any CPU
		{7DAA4577-E652-42F2-A2FD-24DAA1395282}.Release|Any CPU.ActiveCfg = Release|Any CPU
		{7DAA4577-E652-42F2-A2FD-24DAA1395282}.Release|Any CPU.Build.0 = Release|Any CPU
	EndGlobalSection
	GlobalSection(SolutionProperties) = preSolution
		HideSolutionNode = FALSE
	EndGlobalSection
	GlobalSection(ExtensibilityGlobals) = postSolution
		SolutionGuid = {C5AAD1B0-ADB2-48E9-9291-F3E44B6B584F}
	EndGlobalSection
EndGlobal
